
Microsoft Visual Studio Solution File, Format Version 12.00
# Visual Studio Version 17
VisualStudioVersion = 17.0.31903.59
MinimumVisualStudioVersion = 10.0.40219.1
Project("{9A19103F-16F7-4668-BE54-9A1E7A4F7556}") = "Template.WebUI", "Template.WebUI\Template.WebUI.csproj", "{0B46EF49-21F7-497B-8129-C1C036C57A90}"
EndProject
Project("{9A19103F-16F7-4668-BE54-9A1E7A4F7556}") = "Template.Infrastructure", "Template.Infrastructure\Template.Infrastructure.csproj", "{F972B0F4-5087-4247-A34F-22202E772B63}"
EndProject
Project("{9A19103F-16F7-4668-BE54-9A1E7A4F7556}") = "Template.Core", "Template.Core\Template.Core.csproj", "{900CC660-EABD-446D-9810-DCD3B49C2FA3}"
EndProject
Global
	GlobalSection(SolutionConfigurationPlatforms) = preSolution
		Debug|Any CPU = Debug|Any CPU
		Release|Any CPU = Release|Any CPU
	EndGlobalSection
	GlobalSection(ProjectConfigurationPlatforms) = postSolution
		{0B46EF49-21F7-497B-8129-C1C036C57A90}.Debug|Any CPU.ActiveCfg = Debug|Any CPU
		{0B46EF49-21F7-497B-8129-C1C036C57A90}.Debug|Any CPU.Build.0 = Debug|Any CPU
		{0B46EF49-21F7-497B-8129-C1C036C57A90}.Release|Any CPU.ActiveCfg = Release|Any CPU
		{0B46EF49-21F7-497B-8129-C1C036C57A90}.Release|Any CPU.Build.0 = Release|Any CPU
		{F972B0F4-5087-4247-A34F-22202E772B63}.Debug|Any CPU.ActiveCfg = Debug|Any CPU
		{F972B0F4-5087-4247-A34F-22202E772B63}.Debug|Any CPU.Build.0 = Debug|Any CPU
		{F972B0F4-5087-4247-A34F-22202E772B63}.Release|Any CPU.ActiveCfg = Release|Any CPU
		{F972B0F4-5087-4247-A34F-22202E772B63}.Release|Any CPU.Build.0 = Release|Any CPU
		{900CC660-EABD-446D-9810-DCD3B49C2FA3}.Debug|Any CPU.ActiveCfg = Debug|Any CPU
		{900CC660-EABD-446D-9810-DCD3B49C2FA3}.Debug|Any CPU.Build.0 = Debug|Any CPU
		{900CC660-EABD-446D-9810-DCD3B49C2FA3}.Release|Any CPU.ActiveCfg = Release|Any CPU
		{900CC660-EABD-446D-9810-DCD3B49C2FA3}.Release|Any CPU.Build.0 = Release|Any CPU
	EndGlobalSection
	GlobalSection(SolutionProperties) = preSolution
		HideSolutionNode = FALSE
	EndGlobalSection
	GlobalSection(ExtensibilityGlobals) = postSolution
		SolutionGuid = {A5EFDD5C-8BDF-423A-B43F-390F32839A8F}
	EndGlobalSection
EndGlobal
